
Microsoft Visual Studio Solution File, Format Version 12.00
Project("{FAE04EC0-301F-11D3-BF4B-00C04F79EFBC}") = "LWSEvent", "LWSEvent\LWSEvent.csproj", "{68C0DECC-5C48-4DAD-BC7C-C45F33C4AB58}"
EndProject
Global
	GlobalSection(SolutionConfigurationPlatforms) = preSolution
		Debug|Any CPU = Debug|Any CPU
		Release|Any CPU = Release|Any CPU
	EndGlobalSection
	GlobalSection(ProjectConfigurationPlatforms) = postSolution
		{68C0DECC-5C48-4DAD-BC7C-C45F33C4AB58}.Debug|Any CPU.ActiveCfg = Debug|Any CPU
		{68C0DECC-5C48-4DAD-BC7C-C45F33C4AB58}.Debug|Any CPU.Build.0 = Debug|Any CPU
		{68C0DECC-5C48-4DAD-BC7C-C45F33C4AB58}.Release|Any CPU.ActiveCfg = Release|Any CPU
		{68C0DECC-5C48-4DAD-BC7C-C45F33C4AB58}.Release|Any CPU.Build.0 = Release|Any CPU
	EndGlobalSection
EndGlobal
